
Microsoft Visual Studio Solution File, Format Version 12.00
# Visual Studio 15
VisualStudioVersion = 15.0.28307.1209
MinimumVisualStudioVersion = 10.0.40219.1
Project("{FAE04EC0-301F-11D3-BF4B-00C04F79EFBC}") = "Doubly_Linked_List", "Doubly_Linked_List\Doubly_Linked_List.csproj", "{728A3D64-5465-411E-A882-F91E21C8AA2B}"
EndProject
Global
	GlobalSection(SolutionConfigurationPlatforms) = preSolution
		Debug|Any CPU = Debug|Any CPU
		Release|Any CPU = Release|Any CPU
	EndGlobalSection
	GlobalSection(ProjectConfigurationPlatforms) = postSolution
		{728A3D64-5465-411E-A882-F91E21C8AA2B}.Debug|Any CPU.ActiveCfg = Debug|Any CPU
		{728A3D64-5465-411E-A882-F91E21C8AA2B}.Debug|Any CPU.Build.0 = Debug|Any CPU
		{728A3D64-5465-411E-A882-F91E21C8AA2B}.Release|Any CPU.ActiveCfg = Release|Any CPU
		{728A3D64-5465-411E-A882-F91E21C8AA2B}.Release|Any CPU.Build.0 = Release|Any CPU
	EndGlobalSection
	GlobalSection(SolutionProperties) = preSolution
		HideSolutionNode = FALSE
	EndGlobalSection
	GlobalSection(ExtensibilityGlobals) = postSolution
		SolutionGuid = {579FC7CF-C96C-4248-936E-CC7665170667}
	EndGlobalSection
EndGlobal
